
Microsoft Visual Studio Solution File, Format Version 12.00
# Visual Studio 15
VisualStudioVersion = 15.0.28010.2046
MinimumVisualStudioVersion = 10.0.40219.1
Project("{FAE04EC0-301F-11D3-BF4B-00C04F79EFBC}") = "Nwitter", "Nwitter\Nwitter.csproj", "{DA6B4461-AAE8-4A72-8D1F-51722DBDA25E}"
EndProject
Global
	GlobalSection(SolutionConfigurationPlatforms) = preSolution
		Debug|Any CPU = Debug|Any CPU
		Release|Any CPU = Release|Any CPU
	EndGlobalSection
	GlobalSection(ProjectConfigurationPlatforms) = postSolution
		{DA6B4461-AAE8-4A72-8D1F-51722DBDA25E}.Debug|Any CPU.ActiveCfg = Debug|Any CPU
		{DA6B4461-AAE8-4A72-8D1F-51722DBDA25E}.Debug|Any CPU.Build.0 = Debug|Any CPU
		{DA6B4461-AAE8-4A72-8D1F-51722DBDA25E}.Release|Any CPU.ActiveCfg = Release|Any CPU
		{DA6B4461-AAE8-4A72-8D1F-51722DBDA25E}.Release|Any CPU.Build.0 = Release|Any CPU
	EndGlobalSection
	GlobalSection(SolutionProperties) = preSolution
		HideSolutionNode = FALSE
	EndGlobalSection
	GlobalSection(ExtensibilityGlobals) = postSolution
		SolutionGuid = {0C1A7B6E-65CA-4FE4-986F-EF9F1D87E88A}
	EndGlobalSection
EndGlobal
